
Microsoft Visual Studio Solution File, Format Version 12.00
# Visual Studio Version 17
VisualStudioVersion = 17.5.002.0
MinimumVisualStudioVersion = 10.0.40219.1
Project("{9A19103F-16F7-4668-BE54-9A1E7A4F7556}") = "backend", "backend\backend.csproj", "{CCEB75CD-3C01-411C-9E14-0E6BC7D0E47E}"
EndProject
Global
	GlobalSection(SolutionConfigurationPlatforms) = preSolution
		Debug|Any CPU = Debug|Any CPU
		Release|Any CPU = Release|Any CPU
	EndGlobalSection
	GlobalSection(ProjectConfigurationPlatforms) = postSolution
		{CCEB75CD-3C01-411C-9E14-0E6BC7D0E47E}.Debug|Any CPU.ActiveCfg = Debug|Any CPU
		{CCEB75CD-3C01-411C-9E14-0E6BC7D0E47E}.Debug|Any CPU.Build.0 = Debug|Any CPU
		{CCEB75CD-3C01-411C-9E14-0E6BC7D0E47E}.Release|Any CPU.ActiveCfg = Release|Any CPU
		{CCEB75CD-3C01-411C-9E14-0E6BC7D0E47E}.Release|Any CPU.Build.0 = Release|Any CPU
	EndGlobalSection
	GlobalSection(SolutionProperties) = preSolution
		HideSolutionNode = FALSE
	EndGlobalSection
	GlobalSection(ExtensibilityGlobals) = postSolution
		SolutionGuid = {546F50CB-ADBF-48DC-BC6E-8E2B6224B5AF}
	EndGlobalSection
EndGlobal
